#MicroXplorer Configuration settings - do not modify
ADC1.Channel-0\#ChannelRegularConversion=ADC_CHANNEL_12
ADC1.Channel-1\#ChannelRegularConversion=ADC_CHANNEL_10
ADC1.Channel-2\#ChannelRegularConversion=ADC_CHANNEL_10
ADC1.ContinuousConvMode=ENABLE
ADC1.DataAlign=ADC_DATAALIGN_RIGHT
ADC1.DiscontinuousConvMode=DISABLE
ADC1.EnableAnalogWatchDog=false
ADC1.EnableRegularConversion=ENABLE
ADC1.ExternalTrigConv=ADC_EXTERNALTRIGCONV_T1_CC1
ADC1.IPParameters=Rank-0\#ChannelRegularConversion,Channel-0\#ChannelRegularConversion,SamplingTime-0\#ChannelRegularConversion,NbrOfConversionFlag,master,ContinuousConvMode,NbrOfConversion,ExternalTrigConv,InjNumberOfConversion,EnableAnalogWatchDog,Rank-1\#ChannelRegularConversion,Channel-1\#ChannelRegularConversion,SamplingTime-1\#ChannelRegularConversion,Rank-2\#ChannelRegularConversion,Channel-2\#ChannelRegularConversion,SamplingTime-2\#ChannelRegularConversion,DataAlign,ScanConvMode,DiscontinuousConvMode,EnableRegularConversion
ADC1.InjNumberOfConversion=0
ADC1.NbrOfConversion=3
ADC1.NbrOfConversionFlag=1
ADC1.Rank-0\#ChannelRegularConversion=1
ADC1.Rank-1\#ChannelRegularConversion=2
ADC1.Rank-2\#ChannelRegularConversion=3
ADC1.SamplingTime-0\#ChannelRegularConversion=ADC_SAMPLETIME_1CYCLE_5
ADC1.SamplingTime-1\#ChannelRegularConversion=ADC_SAMPLETIME_1CYCLE_5
ADC1.SamplingTime-2\#ChannelRegularConversion=ADC_SAMPLETIME_1CYCLE_5
ADC1.ScanConvMode=ADC_SCAN_ENABLE
ADC1.master=1
Dma.ADC1.4.Direction=DMA_PERIPH_TO_MEMORY
Dma.ADC1.4.Instance=DMA1_Channel1
Dma.ADC1.4.MemDataAlignment=DMA_MDATAALIGN_HALFWORD
Dma.ADC1.4.MemInc=DMA_MINC_ENABLE
Dma.ADC1.4.Mode=DMA_NORMAL
Dma.ADC1.4.PeriphDataAlignment=DMA_PDATAALIGN_HALFWORD
Dma.ADC1.4.PeriphInc=DMA_PINC_DISABLE
Dma.ADC1.4.Priority=DMA_PRIORITY_LOW
Dma.ADC1.4.RequestParameters=Instance,Direction,PeriphInc,MemInc,PeriphDataAlignment,MemDataAlignment,Mode,Priority
Dma.I2C2_RX.0.Direction=DMA_PERIPH_TO_MEMORY
Dma.I2C2_RX.0.Instance=DMA1_Channel5
Dma.I2C2_RX.0.MemDataAlignment=DMA_MDATAALIGN_BYTE
Dma.I2C2_RX.0.MemInc=DMA_MINC_ENABLE
Dma.I2C2_RX.0.Mode=DMA_NORMAL
Dma.I2C2_RX.0.PeriphDataAlignment=DMA_PDATAALIGN_BYTE
Dma.I2C2_RX.0.PeriphInc=DMA_PINC_DISABLE
Dma.I2C2_RX.0.Priority=DMA_PRIORITY_MEDIUM
Dma.I2C2_RX.0.RequestParameters=Instance,Direction,PeriphInc,MemInc,PeriphDataAlignment,MemDataAlignment,Mode,Priority
Dma.I2C2_TX.1.Direction=DMA_MEMORY_TO_PERIPH
Dma.I2C2_TX.1.Instance=DMA1_Channel4
Dma.I2C2_TX.1.MemDataAlignment=DMA_MDATAALIGN_BYTE
Dma.I2C2_TX.1.MemInc=DMA_MINC_ENABLE
Dma.I2C2_TX.1.Mode=DMA_NORMAL
Dma.I2C2_TX.1.PeriphDataAlignment=DMA_PDATAALIGN_BYTE
Dma.I2C2_TX.1.PeriphInc=DMA_PINC_DISABLE
Dma.I2C2_TX.1.Priority=DMA_PRIORITY_MEDIUM
Dma.I2C2_TX.1.RequestParameters=Instance,Direction,PeriphInc,MemInc,PeriphDataAlignment,MemDataAlignment,Mode,Priority
Dma.Request0=I2C2_RX
Dma.Request1=I2C2_TX
Dma.Request2=USART2_RX
Dma.Request3=USART2_TX
Dma.Request4=ADC1
Dma.RequestsNb=5
Dma.USART2_RX.2.Direction=DMA_PERIPH_TO_MEMORY
Dma.USART2_RX.2.Instance=DMA1_Channel6
Dma.USART2_RX.2.MemDataAlignment=DMA_MDATAALIGN_BYTE
Dma.USART2_RX.2.MemInc=DMA_MINC_ENABLE
Dma.USART2_RX.2.Mode=DMA_NORMAL
Dma.USART2_RX.2.PeriphDataAlignment=DMA_PDATAALIGN_BYTE
Dma.USART2_RX.2.PeriphInc=DMA_PINC_DISABLE
Dma.USART2_RX.2.Priority=DMA_PRIORITY_LOW
Dma.USART2_RX.2.RequestParameters=Instance,Direction,PeriphInc,MemInc,PeriphDataAlignment,MemDataAlignment,Mode,Priority
Dma.USART2_TX.3.Direction=DMA_MEMORY_TO_PERIPH
Dma.USART2_TX.3.Instance=DMA1_Channel7
Dma.USART2_TX.3.MemDataAlignment=DMA_MDATAALIGN_BYTE
Dma.USART2_TX.3.MemInc=DMA_MINC_ENABLE
Dma.USART2_TX.3.Mode=DMA_NORMAL
Dma.USART2_TX.3.PeriphDataAlignment=DMA_PDATAALIGN_BYTE
Dma.USART2_TX.3.PeriphInc=DMA_PINC_DISABLE
Dma.USART2_TX.3.Priority=DMA_PRIORITY_LOW
Dma.USART2_TX.3.RequestParameters=Instance,Direction,PeriphInc,MemInc,PeriphDataAlignment,MemDataAlignment,Mode,Priority
File.Version=6
I2C2.I2C_Mode=I2C_Fast
I2C2.IPParameters=I2C_Mode
KeepUserPlacement=false
Mcu.Family=STM32F1
Mcu.IP0=ADC1
Mcu.IP1=DMA
Mcu.IP2=I2C2
Mcu.IP3=NVIC
Mcu.IP4=RCC
Mcu.IP5=SYS
Mcu.IP6=TIM1
Mcu.IP7=TIM8
Mcu.IP8=USART2
Mcu.IPNb=9
Mcu.Name=STM32F103R(C-D-E)Tx
Mcu.Package=LQFP64
Mcu.Pin0=PC0
Mcu.Pin1=PC1
Mcu.Pin10=PB10
Mcu.Pin11=PB11
Mcu.Pin12=PB13
Mcu.Pin13=PB14
Mcu.Pin14=PB15
Mcu.Pin15=PC6
Mcu.Pin16=PC7
Mcu.Pin17=PC8
Mcu.Pin18=PA8
Mcu.Pin19=PA9
Mcu.Pin2=PC2
Mcu.Pin20=PA10
Mcu.Pin21=PA12
Mcu.Pin22=PC10
Mcu.Pin23=PC11
Mcu.Pin24=PC12
Mcu.Pin25=PB5
Mcu.Pin26=PB6
Mcu.Pin27=PB7
Mcu.Pin28=VP_SYS_VS_ND
Mcu.Pin29=VP_SYS_VS_Systick
Mcu.Pin3=PA2
Mcu.Pin4=PA3
Mcu.Pin5=PA4
Mcu.Pin6=PA7
Mcu.Pin7=PB0
Mcu.Pin8=PB1
Mcu.Pin9=PB2
Mcu.PinsNb=30
Mcu.UserConstants=
Mcu.UserName=STM32F103RCTx
MxCube.Version=4.19.0
MxDb.Version=DB.4.0.190
NVIC.BusFault_IRQn=true\:0\:0\:false\:false\:true
NVIC.DMA1_Channel1_IRQn=true\:0\:0\:false\:false\:true
NVIC.DMA1_Channel4_IRQn=true\:0\:0\:false\:false\:true
NVIC.DMA1_Channel5_IRQn=true\:0\:0\:false\:false\:true
NVIC.DMA1_Channel6_IRQn=true\:0\:0\:false\:false\:true
NVIC.DMA1_Channel7_IRQn=true\:0\:0\:false\:false\:true
NVIC.DebugMonitor_IRQn=true\:0\:0\:false\:false\:true
NVIC.EXTI15_10_IRQn=true\:0\:0\:false\:false\:true
NVIC.EXTI9_5_IRQn=true\:0\:0\:false\:false\:true
NVIC.HardFault_IRQn=true\:0\:0\:false\:false\:true
NVIC.I2C2_ER_IRQn=true\:0\:0\:false\:false\:true
NVIC.MemoryManagement_IRQn=true\:0\:0\:false\:false\:true
NVIC.NonMaskableInt_IRQn=true\:0\:0\:false\:false\:true
NVIC.PendSV_IRQn=true\:0\:0\:false\:false\:true
NVIC.PriorityGroup=NVIC_PRIORITYGROUP_4
NVIC.SVCall_IRQn=true\:0\:0\:false\:false\:true
NVIC.SysTick_IRQn=true\:0\:0\:false\:false\:true
NVIC.TIM1_CC_IRQn=true\:0\:0\:false\:false\:true
NVIC.TIM8_CC_IRQn=true\:0\:0\:false\:false\:true
NVIC.UsageFault_IRQn=true\:0\:0\:false\:false\:true
PA10.Locked=true
PA10.Signal=S_TIM1_CH3
PA12.GPIOParameters=GPIO_PuPd,GPIO_Label
PA12.GPIO_Label=IS_CHARGE
PA12.GPIO_PuPd=GPIO_PULLUP
PA12.Locked=true
PA12.Signal=GPIO_Input
PA2.Locked=true
PA2.Mode=Asynchronous
PA2.Signal=USART2_TX
PA3.Locked=true
PA3.Mode=Asynchronous
PA3.Signal=USART2_RX
PA4.GPIOParameters=GPIO_Label
PA4.GPIO_Label=BUZZER
PA4.Locked=true
PA4.Signal=GPIO_Output
PA7.Locked=true
PA7.Mode=PWM Generation1 CH1 CH1N
PA7.Signal=TIM8_CH1N
PA8.Locked=true
PA8.Signal=S_TIM1_CH1
PA9.Locked=true
PA9.Signal=S_TIM1_CH2
PB0.Locked=true
PB0.Mode=PWM Generation2 CH2 CH2N
PB0.Signal=TIM8_CH2N
PB1.Locked=true
PB1.Mode=PWM Generation3 CH3 CH3N
PB1.Signal=TIM8_CH3N
PB10.Locked=true
PB10.Mode=I2C
PB10.Signal=I2C2_SCL
PB11.Locked=true
PB11.Mode=I2C
PB11.Signal=I2C2_SDA
PB13.Locked=true
PB13.Mode=PWM Generation1 CH1 CH1N
PB13.Signal=TIM1_CH1N
PB14.Locked=true
PB14.Mode=PWM Generation2 CH2 CH2N
PB14.Signal=TIM1_CH2N
PB15.Locked=true
PB15.Mode=PWM Generation3 CH3 CH3N
PB15.Signal=TIM1_CH3N
PB2.GPIOParameters=GPIO_Label
PB2.GPIO_Label=LED
PB2.Locked=true
PB2.Signal=GPIO_Output
PB5.GPIOParameters=GPIO_Label,GPIO_ModeDefaultEXTI
PB5.GPIO_Label=HALL_LEFT_A
PB5.GPIO_ModeDefaultEXTI=GPIO_MODE_IT_RISING_FALLING
PB5.Locked=true
PB5.Signal=GPXTI5
PB6.GPIOParameters=GPIO_Label,GPIO_ModeDefaultEXTI
PB6.GPIO_Label=HALL_LEFT_B
PB6.GPIO_ModeDefaultEXTI=GPIO_MODE_IT_RISING_FALLING
PB6.Locked=true
PB6.Signal=GPXTI6
PB7.GPIOParameters=GPIO_Label,GPIO_ModeDefaultEXTI
PB7.GPIO_Label=HALL_LEFT_C
PB7.GPIO_ModeDefaultEXTI=GPIO_MODE_IT_RISING_FALLING
PB7.Locked=true
PB7.Signal=GPXTI7
PC0.Locked=true
PC0.Signal=ADCx_IN10
PC1.Locked=true
PC1.Signal=ADCx_IN11
PC10.GPIOParameters=GPIO_Label,GPIO_ModeDefaultEXTI
PC10.GPIO_Label=HALL_RIGHT_A
PC10.GPIO_ModeDefaultEXTI=GPIO_MODE_IT_RISING_FALLING
PC10.Locked=true
PC10.Signal=GPXTI10
PC11.GPIOParameters=GPIO_Label,GPIO_ModeDefaultEXTI
PC11.GPIO_Label=HALL_RIGHT_B
PC11.GPIO_ModeDefaultEXTI=GPIO_MODE_IT_RISING_FALLING
PC11.Locked=true
PC11.Signal=GPXTI11
PC12.GPIOParameters=GPIO_Label,GPIO_ModeDefaultEXTI
PC12.GPIO_Label=HALL_RIGHT_C
PC12.GPIO_ModeDefaultEXTI=GPIO_MODE_IT_RISING_FALLING
PC12.Locked=true
PC12.Signal=GPXTI12
PC2.Locked=true
PC2.Signal=ADCx_IN12
PC6.Locked=true
PC6.Signal=S_TIM8_CH1
PC7.Locked=true
PC7.Signal=S_TIM8_CH2
PC8.Locked=true
PC8.Signal=S_TIM8_CH3
PCC.Checker=false
PCC.Line=STM32F103
PCC.MCU=STM32F103R(C-D-E)Tx
PCC.MXVersion=4.19.0
PCC.PartNumber=STM32F103RCTx
PCC.Seq0=0
PCC.Series=STM32F1
PCC.Temperature=25
PCC.Vdd=3.3
ProjectManager.AskForMigrate=true
ProjectManager.BackupPrevious=false
ProjectManager.CompilerOptimize=2
ProjectManager.ComputerToolchain=false
ProjectManager.CoupleFile=false
ProjectManager.CustomerFirmwarePackage=C\:/Users/michele/STM32Cube/Repository/STM32Cube_FW_F1_V1.4.0
ProjectManager.DefaultFWLocation=true
ProjectManager.DeletePrevious=true
ProjectManager.DeviceId=STM32F103RCTx
ProjectManager.FirmwarePackage=STM32Cube FW_F1 V1.4.0
ProjectManager.FreePins=false
ProjectManager.HalAssertFull=false
ProjectManager.HeapSize=0x200
ProjectManager.KeepUserCode=true
ProjectManager.LastFirmware=true
ProjectManager.LibraryCopy=0
ProjectManager.PreviousToolchain=
ProjectManager.ProjectBuild=false
ProjectManager.ProjectFileName=weelchair motor hack.ioc
ProjectManager.ProjectName=weelchair motor hack
ProjectManager.StackSize=0x400
ProjectManager.TargetToolchain=EWARM
ProjectManager.ToolChainLocation=E\:\\weelchair motor hack
ProjectManager.UnderRoot=false
ProjectManager.functionlistsort=1-MX_GPIO_Init-GPIO-false-HAL,2-MX_DMA_Init-DMA-false-HAL,3-SystemClock_Config-RCC-false-HAL,4-MX_ADC1_Init-ADC1-false-HAL,5-MX_I2C2_Init-I2C2-false-HAL,6-MX_USART2_UART_Init-USART2-false-HAL,7-MX_TIM8_Init-TIM8-false-HAL,8-MX_TIM1_Init-TIM1-false-HAL
RCC.ADCFreqValue=8000000
RCC.ADCPresc=RCC_ADCPCLK2_DIV8
RCC.AHBFreq_Value=64000000
RCC.APB1CLKDivider=RCC_HCLK_DIV2
RCC.APB1Freq_Value=32000000
RCC.APB1TimFreq_Value=64000000
RCC.APB2Freq_Value=64000000
RCC.APB2TimFreq_Value=64000000
RCC.FCLKCortexFreq_Value=64000000
RCC.FamilyName=M
RCC.HCLKFreq_Value=64000000
RCC.I2S2Freq_Value=64000000
RCC.I2S3Freq_Value=64000000
RCC.IPParameters=ADCFreqValue,ADCPresc,AHBFreq_Value,APB1CLKDivider,APB1Freq_Value,APB1TimFreq_Value,APB2Freq_Value,APB2TimFreq_Value,FCLKCortexFreq_Value,FamilyName,HCLKFreq_Value,I2S2Freq_Value,I2S3Freq_Value,MCOFreq_Value,PLLCLKFreq_Value,PLLMCOFreq_Value,PLLMUL,SDIOFreq_Value,SDIOHCLKDiv2FreqValue,SYSCLKFreq_VALUE,SYSCLKSource,TimSysFreq_Value,USBFreq_Value
RCC.MCOFreq_Value=64000000
RCC.PLLCLKFreq_Value=64000000
RCC.PLLMCOFreq_Value=32000000
RCC.PLLMUL=RCC_PLL_MUL16
RCC.SDIOFreq_Value=64000000
RCC.SDIOHCLKDiv2FreqValue=32000000
RCC.SYSCLKFreq_VALUE=64000000
RCC.SYSCLKSource=RCC_SYSCLKSOURCE_PLLCLK
RCC.TimSysFreq_Value=64000000
RCC.USBFreq_Value=64000000
SH.ADCx_IN10.0=ADC1_IN10,IN10
SH.ADCx_IN10.ConfNb=1
SH.ADCx_IN11.0=ADC1_IN11,IN11
SH.ADCx_IN11.ConfNb=1
SH.ADCx_IN12.0=ADC1_IN12,IN12
SH.ADCx_IN12.ConfNb=1
SH.GPXTI10.0=GPIO_EXTI10
SH.GPXTI10.ConfNb=1
SH.GPXTI11.0=GPIO_EXTI11
SH.GPXTI11.ConfNb=1
SH.GPXTI12.0=GPIO_EXTI12
SH.GPXTI12.ConfNb=1
SH.GPXTI5.0=GPIO_EXTI5
SH.GPXTI5.ConfNb=1
SH.GPXTI6.0=GPIO_EXTI6
SH.GPXTI6.ConfNb=1
SH.GPXTI7.0=GPIO_EXTI7
SH.GPXTI7.ConfNb=1
SH.S_TIM1_CH1.0=TIM1_CH1,PWM Generation1 CH1 CH1N
SH.S_TIM1_CH1.ConfNb=1
SH.S_TIM1_CH2.0=TIM1_CH2,PWM Generation2 CH2 CH2N
SH.S_TIM1_CH2.ConfNb=1
SH.S_TIM1_CH3.0=TIM1_CH3,PWM Generation3 CH3 CH3N
SH.S_TIM1_CH3.ConfNb=1
SH.S_TIM8_CH1.0=TIM8_CH1,PWM Generation1 CH1 CH1N
SH.S_TIM8_CH1.ConfNb=1
SH.S_TIM8_CH2.0=TIM8_CH2,PWM Generation2 CH2 CH2N
SH.S_TIM8_CH2.ConfNb=1
SH.S_TIM8_CH3.0=TIM8_CH3,PWM Generation3 CH3 CH3N
SH.S_TIM8_CH3.ConfNb=1
TIM1.BreakPolarity=TIM_BREAKPOLARITY_LOW
TIM1.BreakState=TIM_BREAK_ENABLE
TIM1.Channel-PWM\ Generation2\ CH2\ CH2N=TIM_CHANNEL_2
TIM1.Channel-PWM\ Generation3\ CH3\ CH3N=TIM_CHANNEL_3
TIM1.DeadTime=80
TIM1.IPParameters=Channel-PWM Generation2 CH2 CH2N,Channel-PWM Generation3 CH3 CH3N,BreakState,BreakPolarity,OffStateRunMode,OffStateIDLEMode,DeadTime,OCPolarity_1,OCNIdleState_1,OCPolarity_2,OCNIdleState_2,OCPolarity_3,OCNIdleState_3
TIM1.OCNIdleState_1=TIM_OCNIDLESTATE_SET
TIM1.OCNIdleState_2=TIM_OCNIDLESTATE_SET
TIM1.OCNIdleState_3=TIM_OCNIDLESTATE_SET
TIM1.OCPolarity_1=TIM_OCPOLARITY_LOW
TIM1.OCPolarity_2=TIM_OCPOLARITY_LOW
TIM1.OCPolarity_3=TIM_OCPOLARITY_LOW
TIM1.OffStateIDLEMode=TIM_OSSI_ENABLE
TIM1.OffStateRunMode=TIM_OSSR_ENABLE
TIM8.BreakPolarity=TIM_BREAKPOLARITY_LOW
TIM8.BreakState=TIM_BREAK_ENABLE
TIM8.Channel-PWM\ Generation2\ CH2\ CH2N=TIM_CHANNEL_2
TIM8.Channel-PWM\ Generation3\ CH3\ CH3N=TIM_CHANNEL_3
TIM8.DeadTime=80
TIM8.IPParameters=Channel-PWM Generation2 CH2 CH2N,Channel-PWM Generation3 CH3 CH3N,BreakState,BreakPolarity,OffStateIDLEMode,OffStateRunMode,DeadTime,OCPolarity_1,OCNIdleState_1,OCPolarity_2,OCNIdleState_2,OCPolarity_3,OCNIdleState_3
TIM8.OCNIdleState_1=TIM_OCNIDLESTATE_SET
TIM8.OCNIdleState_2=TIM_OCNIDLESTATE_SET
TIM8.OCNIdleState_3=TIM_OCNIDLESTATE_SET
TIM8.OCPolarity_1=TIM_OCPOLARITY_LOW
TIM8.OCPolarity_2=TIM_OCPOLARITY_LOW
TIM8.OCPolarity_3=TIM_OCPOLARITY_LOW
TIM8.OffStateIDLEMode=TIM_OSSI_ENABLE
TIM8.OffStateRunMode=TIM_OSSR_ENABLE
VP_SYS_VS_ND.Mode=No_Debug
VP_SYS_VS_ND.Signal=SYS_VS_ND
VP_SYS_VS_Systick.Mode=SysTick
VP_SYS_VS_Systick.Signal=SYS_VS_Systick
board=weelchair motor hack
